
Microsoft Visual Studio Solution File, Format Version 12.00
# Visual Studio Version 17
VisualStudioVersion = 17.13.35806.99 d17.13
MinimumVisualStudioVersion = 10.0.40219.1
Project("{FAE04EC0-301F-11D3-BF4B-00C04F79EFBC}") = "ESTUDO", "ESTUDO\ESTUDO.csproj", "{6D2DAB86-B5B6-4483-A4E0-E1D60943A96E}"
EndProject
Global
	GlobalSection(SolutionConfigurationPlatforms) = preSolution
		Debug|Any CPU = Debug|Any CPU
		Release|Any CPU = Release|Any CPU
	EndGlobalSection
	GlobalSection(ProjectConfigurationPlatforms) = postSolution
		{6D2DAB86-B5B6-4483-A4E0-E1D60943A96E}.Debug|Any CPU.ActiveCfg = Debug|Any CPU
		{6D2DAB86-B5B6-4483-A4E0-E1D60943A96E}.Debug|Any CPU.Build.0 = Debug|Any CPU
		{6D2DAB86-B5B6-4483-A4E0-E1D60943A96E}.Release|Any CPU.ActiveCfg = Release|Any CPU
		{6D2DAB86-B5B6-4483-A4E0-E1D60943A96E}.Release|Any CPU.Build.0 = Release|Any CPU
	EndGlobalSection
	GlobalSection(SolutionProperties) = preSolution
		HideSolutionNode = FALSE
	EndGlobalSection
	GlobalSection(ExtensibilityGlobals) = postSolution
		SolutionGuid = {79BDED80-CA4F-475B-B403-7A3BEDC2FC81}
	EndGlobalSection
EndGlobal
